{
  "object": {
    "pins": [
      {
        "package": "AWSSDKSwiftCore",
        "repositoryURL": "https://github.com/adam-fowler/aws-sdk-swift-core.git",
        "state": {
          "branch": "working",
          "revision": "c907382b64bf6dff4456a8b3379000a86947a880",
          "version": null
        }
      },
      {
        "package": "HypertextApplicationLanguage",
        "repositoryURL": "https://github.com/Yasumoto/HypertextApplicationLanguage.git",
        "state": {
          "branch": null,
          "revision": "2302002502fe573494577cc6e8df686e385519f8",
          "version": "1.1.0"
        }
      },
      {
        "package": "INIParser",
        "repositoryURL": "https://github.com/PerfectlySoft/Perfect-INIParser.git",
        "state": {
          "branch": null,
          "revision": "0952aac9ca54324ff25191569fd9c48eec424772",
          "version": "3.0.2"
        }
      },
      {
        "package": "swift-nio",
        "repositoryURL": "https://github.com/apple/swift-nio.git",
        "state": {
          "branch": null,
          "revision": "334815f6580b5256409d48431751938c4e966e72",
          "version": "2.4.0"
        }
      },
      {
        "package": "swift-nio-ssl",
        "repositoryURL": "https://github.com/apple/swift-nio-ssl.git",
        "state": {
          "branch": null,
          "revision": "77173ac9038e8e9b92f3efe8780923447e3c890b",
          "version": "2.1.1"
        }
      }
    ]
  },
  "version": 1
}
